// !$*UTF8*$!
{
	archiveVersion = 1;
	classes = {
	};
	objectVersion = 56;
	objects = {

/* Begin PBXBuildFile section */
		5A44155E2C0068D200BECE80 /* RealityKitContent in Frameworks */ = {isa = PBXBuildFile; productRef = 5A44155D2C0068D200BECE80 /* RealityKitContent */; };
		5A4415602C0068D200BECE80 /* vision_pro_demoApp.swift in Sources */ = {isa = PBXBuildFile; fileRef = 5A44155F2C0068D200BECE80 /* vision_pro_demoApp.swift */; };
		5A4415622C0068D200BECE80 /* ContentView.swift in Sources */ = {isa = PBXBuildFile; fileRef = 5A4415612C0068D200BECE80 /* ContentView.swift */; };
		5A4415642C0068D200BECE80 /* ModelAnimation.swift in Sources */ = {isa = PBXBuildFile; fileRef = 5A4415632C0068D200BECE80 /* ModelAnimation.swift */; };
		5A4415662C0068D400BECE80 /* Assets.xcassets in Resources */ = {isa = PBXBuildFile; fileRef = 5A4415652C0068D400BECE80 /* Assets.xcassets */; };
		5A4415692C0068D400BECE80 /* Preview Assets.xcassets in Resources */ = {isa = PBXBuildFile; fileRef = 5A4415682C0068D400BECE80 /* Preview Assets.xcassets */; };
		5A4415742C0068D400BECE80 /* vision_pro_demoTests.swift in Sources */ = {isa = PBXBuildFile; fileRef = 5A4415732C0068D400BECE80 /* vision_pro_demoTests.swift */; };
		5A44157E2C0068F400BECE80 /* .gitignore in Resources */ = {isa = PBXBuildFile; fileRef = 5A44157D2C0068F400BECE80 /* .gitignore */; };
		5A4415802C00692700BECE80 /* README.md in Resources */ = {isa = PBXBuildFile; fileRef = 5A44157F2C00692700BECE80 /* README.md */; };
/* End PBXBuildFile section */

/* Begin PBXContainerItemProxy section */
		5A4415702C0068D400BECE80 /* PBXContainerItemProxy */ = {
			isa = PBXContainerItemProxy;
			containerPortal = 5A4415502C0068D200BECE80 /* Project object */;
			proxyType = 1;
			remoteGlobalIDString = 5A4415572C0068D200BECE80;
			remoteInfo = "vision-pro-demo";
		};
/* End PBXContainerItemProxy section */

/* Begin PBXFileReference section */
		5A4415582C0068D200BECE80 /* vision-pro-demo.app */ = {isa = PBXFileReference; explicitFileType = wrapper.application; includeInIndex = 0; path = "vision-pro-demo.app"; sourceTree = BUILT_PRODUCTS_DIR; };
		5A44155C2C0068D200BECE80 /* RealityKitContent */ = {isa = PBXFileReference; lastKnownFileType = wrapper; path = RealityKitContent; sourceTree = "<group>"; };
		5A44155F2C0068D200BECE80 /* vision_pro_demoApp.swift */ = {isa = PBXFileReference; lastKnownFileType = sourcecode.swift; path = vision_pro_demoApp.swift; sourceTree = "<group>"; };
		5A4415612C0068D200BECE80 /* ContentView.swift */ = {isa = PBXFileReference; lastKnownFileType = sourcecode.swift; path = ContentView.swift; sourceTree = "<group>"; };
		5A4415632C0068D200BECE80 /* ModelAnimation.swift */ = {isa = PBXFileReference; lastKnownFileType = sourcecode.swift; path = ModelAnimation.swift; sourceTree = "<group>"; };
		5A4415652C0068D400BECE80 /* Assets.xcassets */ = {isa = PBXFileReference; lastKnownFileType = folder.assetcatalog; path = Assets.xcassets; sourceTree = "<group>"; };
		5A4415682C0068D400BECE80 /* Preview Assets.xcassets */ = {isa = PBXFileReference; lastKnownFileType = folder.assetcatalog; path = "Preview Assets.xcassets"; sourceTree = "<group>"; };
		5A44156A2C0068D400BECE80 /* Info.plist */ = {isa = PBXFileReference; lastKnownFileType = text.plist.xml; path = Info.plist; sourceTree = "<group>"; };
		5A44156F2C0068D400BECE80 /* vision-pro-demoTests.xctest */ = {isa = PBXFileReference; explicitFileType = wrapper.cfbundle; includeInIndex = 0; path = "vision-pro-demoTests.xctest"; sourceTree = BUILT_PRODUCTS_DIR; };
		5A4415732C0068D400BECE80 /* vision_pro_demoTests.swift */ = {isa = PBXFileReference; lastKnownFileType = sourcecode.swift; path = vision_pro_demoTests.swift; sourceTree = "<group>"; };
		5A44157D2C0068F400BECE80 /* .gitignore */ = {isa = PBXFileReference; lastKnownFileType = text; path = .gitignore; sourceTree = "<group>"; };
		5A44157F2C00692700BECE80 /* README.md */ = {isa = PBXFileReference; lastKnownFileType = net.daringfireball.markdown; path = README.md; sourceTree = "<group>"; };
/* End PBXFileReference section */

/* Begin PBXFrameworksBuildPhase section */
		5A4415552C0068D200BECE80 /* Frameworks */ = {
			isa = PBXFrameworksBuildPhase;
			buildActionMask = 2147483647;
			files = (
				5A44155E2C0068D200BECE80 /* RealityKitContent in Frameworks */,
			);
			runOnlyForDeploymentPostprocessing = 0;
		};
		5A44156C2C0068D400BECE80 /* Frameworks */ = {
			isa = PBXFrameworksBuildPhase;
			buildActionMask = 2147483647;
			files = (
			);
			runOnlyForDeploymentPostprocessing = 0;
		};
/* End PBXFrameworksBuildPhase section */

/* Begin PBXGroup section */
		5A44154F2C0068D200BECE80 = {
			isa = PBXGroup;
			children = (
				5A44157D2C0068F400BECE80 /* .gitignore */,
				5A44157F2C00692700BECE80 /* README.md */,
				5A44155A2C0068D200BECE80 /* vision-pro-demo */,
				5A44155B2C0068D200BECE80 /* Packages */,
				5A4415722C0068D400BECE80 /* vision-pro-demoTests */,
				5A4415592C0068D200BECE80 /* Products */,
			);
			sourceTree = "<group>";
		};
		5A4415592C0068D200BECE80 /* Products */ = {
			isa = PBXGroup;
			children = (
				5A4415582C0068D200BECE80 /* vision-pro-demo.app */,
				5A44156F2C0068D400BECE80 /* vision-pro-demoTests.xctest */,
			);
			name = Products;
			sourceTree = "<group>";
		};
		5A44155A2C0068D200BECE80 /* vision-pro-demo */ = {
			isa = PBXGroup;
			children = (
				5A4415812C006D6C00BECE80 /* demoViews */,
				5A44155F2C0068D200BECE80 /* vision_pro_demoApp.swift */,
				5A4415612C0068D200BECE80 /* ContentView.swift */,
				5A4415652C0068D400BECE80 /* Assets.xcassets */,
				5A44156A2C0068D400BECE80 /* Info.plist */,
				5A4415672C0068D400BECE80 /* Preview Content */,
			);
			path = "vision-pro-demo";
			sourceTree = "<group>";
		};
		5A44155B2C0068D200BECE80 /* Packages */ = {
			isa = PBXGroup;
			children = (
				5A44155C2C0068D200BECE80 /* RealityKitContent */,
			);
			path = Packages;
			sourceTree = "<group>";
		};
		5A4415672C0068D400BECE80 /* Preview Content */ = {
			isa = PBXGroup;
			children = (
				5A4415682C0068D400BECE80 /* Preview Assets.xcassets */,
			);
			path = "Preview Content";
			sourceTree = "<group>";
		};
		5A4415722C0068D400BECE80 /* vision-pro-demoTests */ = {
			isa = PBXGroup;
			children = (
				5A4415732C0068D400BECE80 /* vision_pro_demoTests.swift */,
			);
			path = "vision-pro-demoTests";
			sourceTree = "<group>";
		};
		5A4415812C006D6C00BECE80 /* demoViews */ = {
			isa = PBXGroup;
			children = (
				5A4415632C0068D200BECE80 /* ModelAnimation.swift */,
			);
			path = demoViews;
			sourceTree = "<group>";
		};
/* End PBXGroup section */

/* Begin PBXNativeTarget section */
		5A4415572C0068D200BECE80 /* vision-pro-demo */ = {
			isa = PBXNativeTarget;
			buildConfigurationList = 5A4415772C0068D400BECE80 /* Build configuration list for PBXNativeTarget "vision-pro-demo" */;
			buildPhases = (
				5A4415542C0068D200BECE80 /* Sources */,
				5A4415552C0068D200BECE80 /* Frameworks */,
				5A4415562C0068D200BECE80 /* Resources */,
			);
			buildRules = (
			);
			dependencies = (
			);
			name = "vision-pro-demo";
			packageProductDependencies = (
				5A44155D2C0068D200BECE80 /* RealityKitContent */,
			);
			productName = "vision-pro-demo";
			productReference = 5A4415582C0068D200BECE80 /* vision-pro-demo.app */;
			productType = "com.apple.product-type.application";
		};
		5A44156E2C0068D400BECE80 /* vision-pro-demoTests */ = {
			isa = PBXNativeTarget;
			buildConfigurationList = 5A44157A2C0068D400BECE80 /* Build configuration list for PBXNativeTarget "vision-pro-demoTests" */;
			buildPhases = (
				5A44156B2C0068D400BECE80 /* Sources */,
				5A44156C2C0068D400BECE80 /* Frameworks */,
				5A44156D2C0068D400BECE80 /* Resources */,
			);
			buildRules = (
			);
			dependencies = (
				5A4415712C0068D400BECE80 /* PBXTargetDependency */,
			);
			name = "vision-pro-demoTests";
			productName = "vision-pro-demoTests";
			productReference = 5A44156F2C0068D400BECE80 /* vision-pro-demoTests.xctest */;
			productType = "com.apple.product-type.bundle.unit-test";
		};
/* End PBXNativeTarget section */

/* Begin PBXProject section */
		5A4415502C0068D200BECE80 /* Project object */ = {
			isa = PBXProject;
			attributes = {
				BuildIndependentTargetsInParallel = 1;
				LastSwiftUpdateCheck = 1530;
				LastUpgradeCheck = 1530;
				TargetAttributes = {
					5A4415572C0068D200BECE80 = {
						CreatedOnToolsVersion = 15.3;
					};
					5A44156E2C0068D400BECE80 = {
						CreatedOnToolsVersion = 15.3;
						TestTargetID = 5A4415572C0068D200BECE80;
					};
				};
			};
			buildConfigurationList = 5A4415532C0068D200BECE80 /* Build configuration list for PBXProject "vision-pro-demo" */;
			compatibilityVersion = "Xcode 14.0";
			developmentRegion = en;
			hasScannedForEncodings = 0;
			knownRegions = (
				en,
				Base,
			);
			mainGroup = 5A44154F2C0068D200BECE80;
			productRefGroup = 5A4415592C0068D200BECE80 /* Products */;
			projectDirPath = "";
			projectRoot = "";
			targets = (
				5A4415572C0068D200BECE80 /* vision-pro-demo */,
				5A44156E2C0068D400BECE80 /* vision-pro-demoTests */,
			);
		};
/* End PBXProject section */

/* Begin PBXResourcesBuildPhase section */
		5A4415562C0068D200BECE80 /* Resources */ = {
			isa = PBXResourcesBuildPhase;
			buildActionMask = 2147483647;
			files = (
				5A4415692C0068D400BECE80 /* Preview Assets.xcassets in Resources */,
				5A44157E2C0068F400BECE80 /* .gitignore in Resources */,
				5A4415802C00692700BECE80 /* README.md in Resources */,
				5A4415662C0068D400BECE80 /* Assets.xcassets in Resources */,
			);
			runOnlyForDeploymentPostprocessing = 0;
		};
		5A44156D2C0068D400BECE80 /* Resources */ = {
			isa = PBXResourcesBuildPhase;
			buildActionMask = 2147483647;
			files = (
			);
			runOnlyForDeploymentPostprocessing = 0;
		};
/* End PBXResourcesBuildPhase section */

/* Begin PBXSourcesBuildPhase section */
		5A4415542C0068D200BECE80 /* Sources */ = {
			isa = PBXSourcesBuildPhase;
			buildActionMask = 2147483647;
			files = (
				5A4415622C0068D200BECE80 /* ContentView.swift in Sources */,
				5A4415602C0068D200BECE80 /* vision_pro_demoApp.swift in Sources */,
				5A4415642C0068D200BECE80 /* ModelAnimation.swift in Sources */,
			);
			runOnlyForDeploymentPostprocessing = 0;
		};
		5A44156B2C0068D400BECE80 /* Sources */ = {
			isa = PBXSourcesBuildPhase;
			buildActionMask = 2147483647;
			files = (
				5A4415742C0068D400BECE80 /* vision_pro_demoTests.swift in Sources */,
			);
			runOnlyForDeploymentPostprocessing = 0;
		};
/* End PBXSourcesBuildPhase section */

/* Begin PBXTargetDependency section */
		5A4415712C0068D400BECE80 /* PBXTargetDependency */ = {
			isa = PBXTargetDependency;
			target = 5A4415572C0068D200BECE80 /* vision-pro-demo */;
			targetProxy = 5A4415702C0068D400BECE80 /* PBXContainerItemProxy */;
		};
/* End PBXTargetDependency section */

/* Begin XCBuildConfiguration section */
		5A4415752C0068D400BECE80 /* Debug */ = {
			isa = XCBuildConfiguration;
			buildSettings = {
				ALWAYS_SEARCH_USER_PATHS = NO;
				ASSETCATALOG_COMPILER_GENERATE_SWIFT_ASSET_SYMBOL_EXTENSIONS = YES;
				CLANG_ANALYZER_NONNULL = YES;
				CLANG_ANALYZER_NUMBER_OBJECT_CONVERSION = YES_AGGRESSIVE;
				CLANG_CXX_LANGUAGE_STANDARD = "gnu++20";
				CLANG_ENABLE_MODULES = YES;
				CLANG_ENABLE_OBJC_ARC = YES;
				CLANG_ENABLE_OBJC_WEAK = YES;
				CLANG_WARN_BLOCK_CAPTURE_AUTORELEASING = YES;
				CLANG_WARN_BOOL_CONVERSION = YES;
				CLANG_WARN_COMMA = YES;
				CLANG_WARN_CONSTANT_CONVERSION = YES;
				CLANG_WARN_DEPRECATED_OBJC_IMPLEMENTATIONS = YES;
				CLANG_WARN_DIRECT_OBJC_ISA_USAGE = YES_ERROR;
				CLANG_WARN_DOCUMENTATION_COMMENTS = YES;
				CLANG_WARN_EMPTY_BODY = YES;
				CLANG_WARN_ENUM_CONVERSION = YES;
				CLANG_WARN_INFINITE_RECURSION = YES;
				CLANG_WARN_INT_CONVERSION = YES;
				CLANG_WARN_NON_LITERAL_NULL_CONVERSION = YES;
				CLANG_WARN_OBJC_IMPLICIT_RETAIN_SELF = YES;
				CLANG_WARN_OBJC_LITERAL_CONVERSION = YES;
				CLANG_WARN_OBJC_ROOT_CLASS = YES_ERROR;
				CLANG_WARN_QUOTED_INCLUDE_IN_FRAMEWORK_HEADER = YES;
				CLANG_WARN_RANGE_LOOP_ANALYSIS = YES;
				CLANG_WARN_STRICT_PROTOTYPES = YES;
				CLANG_WARN_SUSPICIOUS_MOVE = YES;
				CLANG_WARN_UNGUARDED_AVAILABILITY = YES_AGGRESSIVE;
				CLANG_WARN_UNREACHABLE_CODE = YES;
				CLANG_WARN__DUPLICATE_METHOD_MATCH = YES;
				COPY_PHASE_STRIP = NO;
				DEBUG_INFORMATION_FORMAT = dwarf;
				ENABLE_STRICT_OBJC_MSGSEND = YES;
				ENABLE_TESTABILITY = YES;
				ENABLE_USER_SCRIPT_SANDBOXING = YES;
				GCC_C_LANGUAGE_STANDARD = gnu17;
				GCC_DYNAMIC_NO_PIC = NO;
				GCC_NO_COMMON_BLOCKS = YES;
				GCC_OPTIMIZATION_LEVEL = 0;
				GCC_PREPROCESSOR_DEFINITIONS = (
					"DEBUG=1",
					"$(inherited)",
				);
				GCC_WARN_64_TO_32_BIT_CONVERSION = YES;
				GCC_WARN_ABOUT_RETURN_TYPE = YES_ERROR;
				GCC_WARN_UNDECLARED_SELECTOR = YES;
				GCC_WARN_UNINITIALIZED_AUTOS = YES_AGGRESSIVE;
				GCC_WARN_UNUSED_FUNCTION = YES;
				GCC_WARN_UNUSED_VARIABLE = YES;
				LOCALIZATION_PREFERS_STRING_CATALOGS = YES;
				MTL_ENABLE_DEBUG_INFO = INCLUDE_SOURCE;
				MTL_FAST_MATH = YES;
				ONLY_ACTIVE_ARCH = YES;
				SDKROOT = xros;
				SWIFT_ACTIVE_COMPILATION_CONDITIONS = "DEBUG $(inherited)";
				SWIFT_OPTIMIZATION_LEVEL = "-Onone";
				XROS_DEPLOYMENT_TARGET = 1.1;
			};
			name = Debug;
		};
		5A4415762C0068D400BECE80 /* Release */ = {
			isa = XCBuildConfiguration;
			buildSettings = {
				ALWAYS_SEARCH_USER_PATHS = NO;
				ASSETCATALOG_COMPILER_GENERATE_SWIFT_ASSET_SYMBOL_EXTENSIONS = YES;
				CLANG_ANALYZER_NONNULL = YES;
				CLANG_ANALYZER_NUMBER_OBJECT_CONVERSION = YES_AGGRESSIVE;
				CLANG_CXX_LANGUAGE_STANDARD = "gnu++20";
				CLANG_ENABLE_MODULES = YES;
				CLANG_ENABLE_OBJC_ARC = YES;
				CLANG_ENABLE_OBJC_WEAK = YES;
				CLANG_WARN_BLOCK_CAPTURE_AUTORELEASING = YES;
				CLANG_WARN_BOOL_CONVERSION = YES;
				CLANG_WARN_COMMA = YES;
				CLANG_WARN_CONSTANT_CONVERSION = YES;
				CLANG_WARN_DEPRECATED_OBJC_IMPLEMENTATIONS = YES;
				CLANG_WARN_DIRECT_OBJC_ISA_USAGE = YES_ERROR;
				CLANG_WARN_DOCUMENTATION_COMMENTS = YES;
				CLANG_WARN_EMPTY_BODY = YES;
				CLANG_WARN_ENUM_CONVERSION = YES;
				CLANG_WARN_INFINITE_RECURSION = YES;
				CLANG_WARN_INT_CONVERSION = YES;
				CLANG_WARN_NON_LITERAL_NULL_CONVERSION = YES;
				CLANG_WARN_OBJC_IMPLICIT_RETAIN_SELF = YES;
				CLANG_WARN_OBJC_LITERAL_CONVERSION = YES;
				CLANG_WARN_OBJC_ROOT_CLASS = YES_ERROR;
				CLANG_WARN_QUOTED_INCLUDE_IN_FRAMEWORK_HEADER = YES;
				CLANG_WARN_RANGE_LOOP_ANALYSIS = YES;
				CLANG_WARN_STRICT_PROTOTYPES = YES;
				CLANG_WARN_SUSPICIOUS_MOVE = YES;
				CLANG_WARN_UNGUARDED_AVAILABILITY = YES_AGGRESSIVE;
				CLANG_WARN_UNREACHABLE_CODE = YES;
				CLANG_WARN__DUPLICATE_METHOD_MATCH = YES;
				COPY_PHASE_STRIP = NO;
				DEBUG_INFORMATION_FORMAT = "dwarf-with-dsym";
				ENABLE_NS_ASSERTIONS = NO;
				ENABLE_STRICT_OBJC_MSGSEND = YES;
				ENABLE_USER_SCRIPT_SANDBOXING = YES;
				GCC_C_LANGUAGE_STANDARD = gnu17;
				GCC_NO_COMMON_BLOCKS = YES;
				GCC_WARN_64_TO_32_BIT_CONVERSION = YES;
				GCC_WARN_ABOUT_RETURN_TYPE = YES_ERROR;
				GCC_WARN_UNDECLARED_SELECTOR = YES;
				GCC_WARN_UNINITIALIZED_AUTOS = YES_AGGRESSIVE;
				GCC_WARN_UNUSED_FUNCTION = YES;
				GCC_WARN_UNUSED_VARIABLE = YES;
				LOCALIZATION_PREFERS_STRING_CATALOGS = YES;
				MTL_ENABLE_DEBUG_INFO = NO;
				MTL_FAST_MATH = YES;
				SDKROOT = xros;
				SWIFT_COMPILATION_MODE = wholemodule;
				VALIDATE_PRODUCT = YES;
				XROS_DEPLOYMENT_TARGET = 1.1;
			};
			name = Release;
		};
		5A4415782C0068D400BECE80 /* Debug */ = {
			isa = XCBuildConfiguration;
			buildSettings = {
				ASSETCATALOG_COMPILER_APPICON_NAME = AppIcon;
				ASSETCATALOG_COMPILER_GLOBAL_ACCENT_COLOR_NAME = AccentColor;
				CODE_SIGN_STYLE = Automatic;
				CURRENT_PROJECT_VERSION = 1;
				DEVELOPMENT_ASSET_PATHS = "\"vision-pro-demo/Preview Content\"";
				DEVELOPMENT_TEAM = 4T2SFHD6HA;
				ENABLE_PREVIEWS = YES;
				GENERATE_INFOPLIST_FILE = YES;
				INFOPLIST_FILE = "$(TARGET_NAME)/Info.plist";
				LD_RUNPATH_SEARCH_PATHS = (
					"$(inherited)",
					"@executable_path/Frameworks",
				);
				MARKETING_VERSION = 1.0;
				PRODUCT_BUNDLE_IDENTIFIER = "yuhang.vision-pro-demo";
				PRODUCT_NAME = "$(TARGET_NAME)";
				SUPPORTED_PLATFORMS = "xros xrsimulator";
				SWIFT_EMIT_LOC_STRINGS = YES;
				SWIFT_VERSION = 5.0;
				TARGETED_DEVICE_FAMILY = "1,2,7";
			};
			name = Debug;
		};
		5A4415792C0068D400BECE80 /* Release */ = {
			isa = XCBuildConfiguration;
			buildSettings = {
				ASSETCATALOG_COMPILER_APPICON_NAME = AppIcon;
				ASSETCATALOG_COMPILER_GLOBAL_ACCENT_COLOR_NAME = AccentColor;
				CODE_SIGN_STYLE = Automatic;
				CURRENT_PROJECT_VERSION = 1;
				DEVELOPMENT_ASSET_PATHS = "\"vision-pro-demo/Preview Content\"";
				DEVELOPMENT_TEAM = 4T2SFHD6HA;
				ENABLE_PREVIEWS = YES;
				GENERATE_INFOPLIST_FILE = YES;
				INFOPLIST_FILE = "$(TARGET_NAME)/Info.plist";
				LD_RUNPATH_SEARCH_PATHS = (
					"$(inherited)",
					"@executable_path/Frameworks",
				);
				MARKETING_VERSION = 1.0;
				PRODUCT_BUNDLE_IDENTIFIER = "yuhang.vision-pro-demo";
				PRODUCT_NAME = "$(TARGET_NAME)";
				SUPPORTED_PLATFORMS = "xros xrsimulator";
				SWIFT_EMIT_LOC_STRINGS = YES;
				SWIFT_VERSION = 5.0;
				TARGETED_DEVICE_FAMILY = "1,2,7";
			};
			name = Release;
		};
		5A44157B2C0068D400BECE80 /* Debug */ = {
			isa = XCBuildConfiguration;
			buildSettings = {
				ALWAYS_EMBED_SWIFT_STANDARD_LIBRARIES = YES;
				BUNDLE_LOADER = "$(TEST_HOST)";
				CODE_SIGN_STYLE = Automatic;
				CURRENT_PROJECT_VERSION = 1;
				DEVELOPMENT_TEAM = 4T2SFHD6HA;
				GENERATE_INFOPLIST_FILE = YES;
				MARKETING_VERSION = 1.0;
				PRODUCT_BUNDLE_IDENTIFIER = "yuhang.vision-pro-demoTests";
				PRODUCT_NAME = "$(TARGET_NAME)";
				SUPPORTED_PLATFORMS = "xros xrsimulator";
				SWIFT_EMIT_LOC_STRINGS = NO;
				SWIFT_VERSION = 5.0;
				TARGETED_DEVICE_FAMILY = "1,2,7";
				TEST_HOST = "$(BUILT_PRODUCTS_DIR)/vision-pro-demo.app/$(BUNDLE_EXECUTABLE_FOLDER_PATH)/vision-pro-demo";
				XROS_DEPLOYMENT_TARGET = 1.1;
			};
			name = Debug;
		};
		5A44157C2C0068D400BECE80 /* Release */ = {
			isa = XCBuildConfiguration;
			buildSettings = {
				ALWAYS_EMBED_SWIFT_STANDARD_LIBRARIES = YES;
				BUNDLE_LOADER = "$(TEST_HOST)";
				CODE_SIGN_STYLE = Automatic;
				CURRENT_PROJECT_VERSION = 1;
				DEVELOPMENT_TEAM = 4T2SFHD6HA;
				GENERATE_INFOPLIST_FILE = YES;
				MARKETING_VERSION = 1.0;
				PRODUCT_BUNDLE_IDENTIFIER = "yuhang.vision-pro-demoTests";
				PRODUCT_NAME = "$(TARGET_NAME)";
				SUPPORTED_PLATFORMS = "xros xrsimulator";
				SWIFT_EMIT_LOC_STRINGS = NO;
				SWIFT_VERSION = 5.0;
				TARGETED_DEVICE_FAMILY = "1,2,7";
				TEST_HOST = "$(BUILT_PRODUCTS_DIR)/vision-pro-demo.app/$(BUNDLE_EXECUTABLE_FOLDER_PATH)/vision-pro-demo";
				XROS_DEPLOYMENT_TARGET = 1.1;
			};
			name = Release;
		};
/* End XCBuildConfiguration section */

/* Begin XCConfigurationList section */
		5A4415532C0068D200BECE80 /* Build configuration list for PBXProject "vision-pro-demo" */ = {
			isa = XCConfigurationList;
			buildConfigurations = (
				5A4415752C0068D400BECE80 /* Debug */,
				5A4415762C0068D400BECE80 /* Release */,
			);
			defaultConfigurationIsVisible = 0;
			defaultConfigurationName = Release;
		};
		5A4415772C0068D400BECE80 /* Build configuration list for PBXNativeTarget "vision-pro-demo" */ = {
			isa = XCConfigurationList;
			buildConfigurations = (
				5A4415782C0068D400BECE80 /* Debug */,
				5A4415792C0068D400BECE80 /* Release */,
			);
			defaultConfigurationIsVisible = 0;
			defaultConfigurationName = Release;
		};
		5A44157A2C0068D400BECE80 /* Build configuration list for PBXNativeTarget "vision-pro-demoTests" */ = {
			isa = XCConfigurationList;
			buildConfigurations = (
				5A44157B2C0068D400BECE80 /* Debug */,
				5A44157C2C0068D400BECE80 /* Release */,
			);
			defaultConfigurationIsVisible = 0;
			defaultConfigurationName = Release;
		};
/* End XCConfigurationList section */

/* Begin XCSwiftPackageProductDependency section */
		5A44155D2C0068D200BECE80 /* RealityKitContent */ = {
			isa = XCSwiftPackageProductDependency;
			productName = RealityKitContent;
		};
/* End XCSwiftPackageProductDependency section */
	};
	rootObject = 5A4415502C0068D200BECE80 /* Project object */;
}
